// !$*UTF8*$!
{
	archiveVersion = 1;
	classes = {
	};
	objectVersion = 56;
	objects = {

/* Begin PBXBuildFile section */
		1F23DAD82C6B6EE200D0AF54 /* Localizable.strings in Resources */ = {isa = PBXBuildFile; fileRef = 1F23DAD62C6B6EE200D0AF54 /* Localizable.strings */; };
		1F23DADB2C6CBB4400D0AF54 /* String.swift in Sources */ = {isa = PBXBuildFile; fileRef = 1F23DADA2C6CBB4400D0AF54 /* String.swift */; };
		1F30B45D2C46C36100FCA211 /* RealmSwift in Embed Frameworks */ = {isa = PBXBuildFile; productRef = 1F509CD52C24E48D00CADBB5 /* RealmSwift */; settings = {ATTRIBUTES = (CodeSignOnCopy, ); }; };
		1F30B45F2C46C4F000FCA211 /* MapCoordinator.swift in Sources */ = {isa = PBXBuildFile; fileRef = 1F30B45E2C46C4F000FCA211 /* MapCoordinator.swift */; };
		1F30B4622C46C56000FCA211 /* MapScreen.swift in Sources */ = {isa = PBXBuildFile; fileRef = 1F30B4612C46C56000FCA211 /* MapScreen.swift */; };
		1F509C952C24204900CADBB5 /* AppDelegate.swift in Sources */ = {isa = PBXBuildFile; fileRef = 1F509C942C24204900CADBB5 /* AppDelegate.swift */; };
		1F509C972C24204900CADBB5 /* SceneDelegate.swift in Sources */ = {isa = PBXBuildFile; fileRef = 1F509C962C24204900CADBB5 /* SceneDelegate.swift */; };
		1F509C9E2C24204C00CADBB5 /* Assets.xcassets in Resources */ = {isa = PBXBuildFile; fileRef = 1F509C9D2C24204C00CADBB5 /* Assets.xcassets */; };
		1F509CA12C24204C00CADBB5 /* Base in Resources */ = {isa = PBXBuildFile; fileRef = 1F509CA02C24204C00CADBB5 /* Base */; };
		1F509CAB2C24210100CADBB5 /* BaseCoordinator.swift in Sources */ = {isa = PBXBuildFile; fileRef = 1F509CAA2C24210100CADBB5 /* BaseCoordinator.swift */; };
		1F509CAD2C24210C00CADBB5 /* MainCoordinator.swift in Sources */ = {isa = PBXBuildFile; fileRef = 1F509CAC2C24210C00CADBB5 /* MainCoordinator.swift */; };
		1F509CB02C24244700CADBB5 /* LoadedJokeCoordinator.swift in Sources */ = {isa = PBXBuildFile; fileRef = 1F509CAF2C24244700CADBB5 /* LoadedJokeCoordinator.swift */; };
		1F509CB22C24245500CADBB5 /* SortedJokeCoordinator.swift in Sources */ = {isa = PBXBuildFile; fileRef = 1F509CB12C24245500CADBB5 /* SortedJokeCoordinator.swift */; };
		1F509CB42C24245F00CADBB5 /* ListCategoriesCoordinator.swift in Sources */ = {isa = PBXBuildFile; fileRef = 1F509CB32C24245F00CADBB5 /* ListCategoriesCoordinator.swift */; };
		1F509CB92C24256100CADBB5 /* LoadScreen.swift in Sources */ = {isa = PBXBuildFile; fileRef = 1F509CB82C24256100CADBB5 /* LoadScreen.swift */; };
		1F509CC02C24277C00CADBB5 /* SortedJokeScreen.swift in Sources */ = {isa = PBXBuildFile; fileRef = 1F509CBF2C24277C00CADBB5 /* SortedJokeScreen.swift */; };
		1F509CC32C2428B800CADBB5 /* ListCategoriesScreen.swift in Sources */ = {isa = PBXBuildFile; fileRef = 1F509CC22C2428B800CADBB5 /* ListCategoriesScreen.swift */; };
		1F509CC82C244F0D00CADBB5 /* JokeDataModel.swift in Sources */ = {isa = PBXBuildFile; fileRef = 1F509CC72C244F0D00CADBB5 /* JokeDataModel.swift */; };
		1F509CCA2C2450C900CADBB5 /* INetworkClient.swift in Sources */ = {isa = PBXBuildFile; fileRef = 1F509CC92C2450C900CADBB5 /* INetworkClient.swift */; };
		1F509CCC2C2450FF00CADBB5 /* NetworkError.swift in Sources */ = {isa = PBXBuildFile; fileRef = 1F509CCB2C2450FF00CADBB5 /* NetworkError.swift */; };
		1F509CCE2C245B7100CADBB5 /* DownloadManager.swift in Sources */ = {isa = PBXBuildFile; fileRef = 1F509CCD2C245B7100CADBB5 /* DownloadManager.swift */; };
		1F509CD62C24E48D00CADBB5 /* RealmSwift in Frameworks */ = {isa = PBXBuildFile; productRef = 1F509CD52C24E48D00CADBB5 /* RealmSwift */; };
		1F509CDB2C316DBB00CADBB5 /* CategoriesViewController.swift in Sources */ = {isa = PBXBuildFile; fileRef = 1F509CDA2C316DBB00CADBB5 /* CategoriesViewController.swift */; };
/* End PBXBuildFile section */

/* Begin PBXCopyFilesBuildPhase section */
		1F509CD82C24E4A500CADBB5 /* Embed Frameworks */ = {
			isa = PBXCopyFilesBuildPhase;
			buildActionMask = 2147483647;
			dstPath = "";
			dstSubfolderSpec = 10;
			files = (
				1F30B45D2C46C36100FCA211 /* RealmSwift in Embed Frameworks */,
			);
			name = "Embed Frameworks";
			runOnlyForDeploymentPostprocessing = 0;
		};
/* End PBXCopyFilesBuildPhase section */

/* Begin PBXFileReference section */
		1F23DAD72C6B6EE200D0AF54 /* en */ = {isa = PBXFileReference; lastKnownFileType = text.plist.strings; name = en; path = en.lproj/Localizable.strings; sourceTree = "<group>"; };
		1F23DAD92C6B6F9E00D0AF54 /* ru */ = {isa = PBXFileReference; lastKnownFileType = text.plist.strings; name = ru; path = ru.lproj/Localizable.strings; sourceTree = "<group>"; };
		1F23DADA2C6CBB4400D0AF54 /* String.swift */ = {isa = PBXFileReference; lastKnownFileType = sourcecode.swift; path = String.swift; sourceTree = "<group>"; };
		1F30B45E2C46C4F000FCA211 /* MapCoordinator.swift */ = {isa = PBXFileReference; lastKnownFileType = sourcecode.swift; path = MapCoordinator.swift; sourceTree = "<group>"; };
		1F30B4612C46C56000FCA211 /* MapScreen.swift */ = {isa = PBXFileReference; lastKnownFileType = sourcecode.swift; path = MapScreen.swift; sourceTree = "<group>"; };
		1F509C912C24204900CADBB5 /* ChuckNorrisJokes.app */ = {isa = PBXFileReference; explicitFileType = wrapper.application; includeInIndex = 0; path = ChuckNorrisJokes.app; sourceTree = BUILT_PRODUCTS_DIR; };
		1F509C942C24204900CADBB5 /* AppDelegate.swift */ = {isa = PBXFileReference; lastKnownFileType = sourcecode.swift; path = AppDelegate.swift; sourceTree = "<group>"; };
		1F509C962C24204900CADBB5 /* SceneDelegate.swift */ = {isa = PBXFileReference; lastKnownFileType = sourcecode.swift; path = SceneDelegate.swift; sourceTree = "<group>"; };
		1F509C9D2C24204C00CADBB5 /* Assets.xcassets */ = {isa = PBXFileReference; lastKnownFileType = folder.assetcatalog; path = Assets.xcassets; sourceTree = "<group>"; };
		1F509CA02C24204C00CADBB5 /* Base */ = {isa = PBXFileReference; lastKnownFileType = file.storyboard; name = Base; path = Base.lproj/LaunchScreen.storyboard; sourceTree = "<group>"; };
		1F509CA22C24204C00CADBB5 /* Info.plist */ = {isa = PBXFileReference; lastKnownFileType = text.plist.xml; path = Info.plist; sourceTree = "<group>"; };
		1F509CAA2C24210100CADBB5 /* BaseCoordinator.swift */ = {isa = PBXFileReference; lastKnownFileType = sourcecode.swift; path = BaseCoordinator.swift; sourceTree = "<group>"; };
		1F509CAC2C24210C00CADBB5 /* MainCoordinator.swift */ = {isa = PBXFileReference; lastKnownFileType = sourcecode.swift; path = MainCoordinator.swift; sourceTree = "<group>"; };
		1F509CAF2C24244700CADBB5 /* LoadedJokeCoordinator.swift */ = {isa = PBXFileReference; lastKnownFileType = sourcecode.swift; path = LoadedJokeCoordinator.swift; sourceTree = "<group>"; };
		1F509CB12C24245500CADBB5 /* SortedJokeCoordinator.swift */ = {isa = PBXFileReference; lastKnownFileType = sourcecode.swift; path = SortedJokeCoordinator.swift; sourceTree = "<group>"; };
		1F509CB32C24245F00CADBB5 /* ListCategoriesCoordinator.swift */ = {isa = PBXFileReference; lastKnownFileType = sourcecode.swift; path = ListCategoriesCoordinator.swift; sourceTree = "<group>"; };
		1F509CB82C24256100CADBB5 /* LoadScreen.swift */ = {isa = PBXFileReference; lastKnownFileType = sourcecode.swift; path = LoadScreen.swift; sourceTree = "<group>"; };
		1F509CBF2C24277C00CADBB5 /* SortedJokeScreen.swift */ = {isa = PBXFileReference; lastKnownFileType = sourcecode.swift; path = SortedJokeScreen.swift; sourceTree = "<group>"; };
		1F509CC22C2428B800CADBB5 /* ListCategoriesScreen.swift */ = {isa = PBXFileReference; lastKnownFileType = sourcecode.swift; path = ListCategoriesScreen.swift; sourceTree = "<group>"; };
		1F509CC72C244F0D00CADBB5 /* JokeDataModel.swift */ = {isa = PBXFileReference; lastKnownFileType = sourcecode.swift; path = JokeDataModel.swift; sourceTree = "<group>"; };
		1F509CC92C2450C900CADBB5 /* INetworkClient.swift */ = {isa = PBXFileReference; lastKnownFileType = sourcecode.swift; path = INetworkClient.swift; sourceTree = "<group>"; };
		1F509CCB2C2450FF00CADBB5 /* NetworkError.swift */ = {isa = PBXFileReference; lastKnownFileType = sourcecode.swift; path = NetworkError.swift; sourceTree = "<group>"; };
		1F509CCD2C245B7100CADBB5 /* DownloadManager.swift */ = {isa = PBXFileReference; lastKnownFileType = sourcecode.swift; path = DownloadManager.swift; sourceTree = "<group>"; };
		1F509CDA2C316DBB00CADBB5 /* CategoriesViewController.swift */ = {isa = PBXFileReference; lastKnownFileType = sourcecode.swift; path = CategoriesViewController.swift; sourceTree = "<group>"; };
/* End PBXFileReference section */

/* Begin PBXFrameworksBuildPhase section */
		1F509C8E2C24204900CADBB5 /* Frameworks */ = {
			isa = PBXFrameworksBuildPhase;
			buildActionMask = 2147483647;
			files = (
				1F509CD62C24E48D00CADBB5 /* RealmSwift in Frameworks */,
			);
			runOnlyForDeploymentPostprocessing = 0;
		};
/* End PBXFrameworksBuildPhase section */

/* Begin PBXGroup section */
		1F30B4602C46C53C00FCA211 /* MapScreen */ = {
			isa = PBXGroup;
			children = (
				1F30B4612C46C56000FCA211 /* MapScreen.swift */,
			);
			path = MapScreen;
			sourceTree = "<group>";
		};
		1F509C882C24204900CADBB5 = {
			isa = PBXGroup;
			children = (
				1F509C932C24204900CADBB5 /* ChuckNorrisJokes */,
				1F509C922C24204900CADBB5 /* Products */,
			);
			sourceTree = "<group>";
		};
		1F509C922C24204900CADBB5 /* Products */ = {
			isa = PBXGroup;
			children = (
				1F509C912C24204900CADBB5 /* ChuckNorrisJokes.app */,
			);
			name = Products;
			sourceTree = "<group>";
		};
		1F509C932C24204900CADBB5 /* ChuckNorrisJokes */ = {
			isa = PBXGroup;
			children = (
				1F30B4602C46C53C00FCA211 /* MapScreen */,
				1F509CC62C244EFD00CADBB5 /* Models */,
				1F509CC12C24289F00CADBB5 /* ListCategoriesFlow */,
				1F509CBC2C2426EF00CADBB5 /* SortedJokesFlow */,
				1F509CB52C24252900CADBB5 /* LoadFlow */,
				1F509CA92C2420ED00CADBB5 /* Coordinators */,
				1F509CA82C24205A00CADBB5 /* App */,
			);
			path = ChuckNorrisJokes;
			sourceTree = "<group>";
		};
		1F509CA82C24205A00CADBB5 /* App */ = {
			isa = PBXGroup;
			children = (
				1F509C962C24204900CADBB5 /* SceneDelegate.swift */,
				1F509C942C24204900CADBB5 /* AppDelegate.swift */,
				1F509C9D2C24204C00CADBB5 /* Assets.xcassets */,
				1F509C9F2C24204C00CADBB5 /* LaunchScreen.storyboard */,
				1F509CA22C24204C00CADBB5 /* Info.plist */,
				1F23DAD62C6B6EE200D0AF54 /* Localizable.strings */,
				1F23DADA2C6CBB4400D0AF54 /* String.swift */,
			);
			path = App;
			sourceTree = "<group>";
		};
		1F509CA92C2420ED00CADBB5 /* Coordinators */ = {
			isa = PBXGroup;
			children = (
				1F509CAA2C24210100CADBB5 /* BaseCoordinator.swift */,
				1F509CAC2C24210C00CADBB5 /* MainCoordinator.swift */,
				1F509CAF2C24244700CADBB5 /* LoadedJokeCoordinator.swift */,
				1F509CB12C24245500CADBB5 /* SortedJokeCoordinator.swift */,
				1F509CB32C24245F00CADBB5 /* ListCategoriesCoordinator.swift */,
				1F30B45E2C46C4F000FCA211 /* MapCoordinator.swift */,
			);
			path = Coordinators;
			sourceTree = "<group>";
		};
		1F509CB52C24252900CADBB5 /* LoadFlow */ = {
			isa = PBXGroup;
			children = (
				1F509CB82C24256100CADBB5 /* LoadScreen.swift */,
			);
			path = LoadFlow;
			sourceTree = "<group>";
		};
		1F509CBC2C2426EF00CADBB5 /* SortedJokesFlow */ = {
			isa = PBXGroup;
			children = (
				1F509CBF2C24277C00CADBB5 /* SortedJokeScreen.swift */,
			);
			path = SortedJokesFlow;
			sourceTree = "<group>";
		};
		1F509CC12C24289F00CADBB5 /* ListCategoriesFlow */ = {
			isa = PBXGroup;
			children = (
				1F509CC22C2428B800CADBB5 /* ListCategoriesScreen.swift */,
				1F509CDA2C316DBB00CADBB5 /* CategoriesViewController.swift */,
			);
			path = ListCategoriesFlow;
			sourceTree = "<group>";
		};
		1F509CC62C244EFD00CADBB5 /* Models */ = {
			isa = PBXGroup;
			children = (
				1F509CC72C244F0D00CADBB5 /* JokeDataModel.swift */,
				1F509CC92C2450C900CADBB5 /* INetworkClient.swift */,
				1F509CCB2C2450FF00CADBB5 /* NetworkError.swift */,
				1F509CCD2C245B7100CADBB5 /* DownloadManager.swift */,
			);
			path = Models;
			sourceTree = "<group>";
		};
/* End PBXGroup section */

/* Begin PBXNativeTarget section */
		1F509C902C24204900CADBB5 /* ChuckNorrisJokes */ = {
			isa = PBXNativeTarget;
			buildConfigurationList = 1F509CA52C24204C00CADBB5 /* Build configuration list for PBXNativeTarget "ChuckNorrisJokes" */;
			buildPhases = (
				1F509C8D2C24204900CADBB5 /* Sources */,
				1F509C8E2C24204900CADBB5 /* Frameworks */,
				1F509C8F2C24204900CADBB5 /* Resources */,
				1F509CD82C24E4A500CADBB5 /* Embed Frameworks */,
			);
			buildRules = (
			);
			dependencies = (
			);
			name = ChuckNorrisJokes;
			packageProductDependencies = (
				1F509CD52C24E48D00CADBB5 /* RealmSwift */,
			);
			productName = ChuckNorrisJokes;
			productReference = 1F509C912C24204900CADBB5 /* ChuckNorrisJokes.app */;
			productType = "com.apple.product-type.application";
		};
/* End PBXNativeTarget section */

/* Begin PBXProject section */
		1F509C892C24204900CADBB5 /* Project object */ = {
			isa = PBXProject;
			attributes = {
				BuildIndependentTargetsInParallel = 1;
				LastSwiftUpdateCheck = 1540;
				LastUpgradeCheck = 1540;
				TargetAttributes = {
					1F509C902C24204900CADBB5 = {
						CreatedOnToolsVersion = 15.4;
					};
				};
			};
			buildConfigurationList = 1F509C8C2C24204900CADBB5 /* Build configuration list for PBXProject "ChuckNorrisJokes" */;
			compatibilityVersion = "Xcode 14.0";
			developmentRegion = ru;
			hasScannedForEncodings = 0;
			knownRegions = (
				en,
				Base,
				ru,
			);
			mainGroup = 1F509C882C24204900CADBB5;
			packageReferences = (
				1F509CD22C24603F00CADBB5 /* XCRemoteSwiftPackageReference "realm-swift" */,
			);
			productRefGroup = 1F509C922C24204900CADBB5 /* Products */;
			projectDirPath = "";
			projectRoot = "";
			targets = (
				1F509C902C24204900CADBB5 /* ChuckNorrisJokes */,
			);
		};
/* End PBXProject section */

/* Begin PBXResourcesBuildPhase section */
		1F509C8F2C24204900CADBB5 /* Resources */ = {
			isa = PBXResourcesBuildPhase;
			buildActionMask = 2147483647;
			files = (
				1F509C9E2C24204C00CADBB5 /* Assets.xcassets in Resources */,
				1F23DAD82C6B6EE200D0AF54 /* Localizable.strings in Resources */,
				1F509CA12C24204C00CADBB5 /* Base in Resources */,
			);
			runOnlyForDeploymentPostprocessing = 0;
		};
/* End PBXResourcesBuildPhase section */

/* Begin PBXSourcesBuildPhase section */
		1F509C8D2C24204900CADBB5 /* Sources */ = {
			isa = PBXSourcesBuildPhase;
			buildActionMask = 2147483647;
			files = (
				1F509CB22C24245500CADBB5 /* SortedJokeCoordinator.swift in Sources */,
				1F30B45F2C46C4F000FCA211 /* MapCoordinator.swift in Sources */,
				1F509CCC2C2450FF00CADBB5 /* NetworkError.swift in Sources */,
				1F509CAB2C24210100CADBB5 /* BaseCoordinator.swift in Sources */,
				1F509CC32C2428B800CADBB5 /* ListCategoriesScreen.swift in Sources */,
				1F509CCA2C2450C900CADBB5 /* INetworkClient.swift in Sources */,
				1F509CB02C24244700CADBB5 /* LoadedJokeCoordinator.swift in Sources */,
				1F509CB42C24245F00CADBB5 /* ListCategoriesCoordinator.swift in Sources */,
				1F509CCE2C245B7100CADBB5 /* DownloadManager.swift in Sources */,
				1F509C952C24204900CADBB5 /* AppDelegate.swift in Sources */,
				1F509CAD2C24210C00CADBB5 /* MainCoordinator.swift in Sources */,
				1F509C972C24204900CADBB5 /* SceneDelegate.swift in Sources */,
				1F23DADB2C6CBB4400D0AF54 /* String.swift in Sources */,
				1F509CC82C244F0D00CADBB5 /* JokeDataModel.swift in Sources */,
				1F509CC02C24277C00CADBB5 /* SortedJokeScreen.swift in Sources */,
				1F509CB92C24256100CADBB5 /* LoadScreen.swift in Sources */,
				1F509CDB2C316DBB00CADBB5 /* CategoriesViewController.swift in Sources */,
				1F30B4622C46C56000FCA211 /* MapScreen.swift in Sources */,
			);
			runOnlyForDeploymentPostprocessing = 0;
		};
/* End PBXSourcesBuildPhase section */

/* Begin PBXVariantGroup section */
		1F23DAD62C6B6EE200D0AF54 /* Localizable.strings */ = {
			isa = PBXVariantGroup;
			children = (
				1F23DAD72C6B6EE200D0AF54 /* en */,
				1F23DAD92C6B6F9E00D0AF54 /* ru */,
			);
			name = Localizable.strings;
			sourceTree = "<group>";
		};
		1F509C9F2C24204C00CADBB5 /* LaunchScreen.storyboard */ = {
			isa = PBXVariantGroup;
			children = (
				1F509CA02C24204C00CADBB5 /* Base */,
			);
			name = LaunchScreen.storyboard;
			sourceTree = "<group>";
		};
/* End PBXVariantGroup section */

/* Begin XCBuildConfiguration section */
		1F509CA32C24204C00CADBB5 /* Debug */ = {
			isa = XCBuildConfiguration;
			buildSettings = {
				ALWAYS_SEARCH_USER_PATHS = NO;
				ASSETCATALOG_COMPILER_GENERATE_SWIFT_ASSET_SYMBOL_EXTENSIONS = YES;
				CLANG_ANALYZER_LOCALIZABILITY_NONLOCALIZED = YES;
				CLANG_ANALYZER_NONNULL = YES;
				CLANG_ANALYZER_NUMBER_OBJECT_CONVERSION = YES_AGGRESSIVE;
				CLANG_CXX_LANGUAGE_STANDARD = "gnu++20";
				CLANG_ENABLE_MODULES = YES;
				CLANG_ENABLE_OBJC_ARC = YES;
				CLANG_ENABLE_OBJC_WEAK = YES;
				CLANG_WARN_BLOCK_CAPTURE_AUTORELEASING = YES;
				CLANG_WARN_BOOL_CONVERSION = YES;
				CLANG_WARN_COMMA = YES;
				CLANG_WARN_CONSTANT_CONVERSION = YES;
				CLANG_WARN_DEPRECATED_OBJC_IMPLEMENTATIONS = YES;
				CLANG_WARN_DIRECT_OBJC_ISA_USAGE = YES_ERROR;
				CLANG_WARN_DOCUMENTATION_COMMENTS = YES;
				CLANG_WARN_EMPTY_BODY = YES;
				CLANG_WARN_ENUM_CONVERSION = YES;
				CLANG_WARN_INFINITE_RECURSION = YES;
				CLANG_WARN_INT_CONVERSION = YES;
				CLANG_WARN_NON_LITERAL_NULL_CONVERSION = YES;
				CLANG_WARN_OBJC_IMPLICIT_RETAIN_SELF = YES;
				CLANG_WARN_OBJC_LITERAL_CONVERSION = YES;
				CLANG_WARN_OBJC_ROOT_CLASS = YES_ERROR;
				CLANG_WARN_QUOTED_INCLUDE_IN_FRAMEWORK_HEADER = YES;
				CLANG_WARN_RANGE_LOOP_ANALYSIS = YES;
				CLANG_WARN_STRICT_PROTOTYPES = YES;
				CLANG_WARN_SUSPICIOUS_MOVE = YES;
				CLANG_WARN_UNGUARDED_AVAILABILITY = YES_AGGRESSIVE;
				CLANG_WARN_UNREACHABLE_CODE = YES;
				CLANG_WARN__DUPLICATE_METHOD_MATCH = YES;
				COPY_PHASE_STRIP = NO;
				DEBUG_INFORMATION_FORMAT = dwarf;
				ENABLE_STRICT_OBJC_MSGSEND = YES;
				ENABLE_TESTABILITY = YES;
				ENABLE_USER_SCRIPT_SANDBOXING = YES;
				GCC_C_LANGUAGE_STANDARD = gnu17;
				GCC_DYNAMIC_NO_PIC = NO;
				GCC_NO_COMMON_BLOCKS = YES;
				GCC_OPTIMIZATION_LEVEL = 0;
				GCC_PREPROCESSOR_DEFINITIONS = (
					"DEBUG=1",
					"$(inherited)",
				);
				GCC_WARN_64_TO_32_BIT_CONVERSION = YES;
				GCC_WARN_ABOUT_RETURN_TYPE = YES_ERROR;
				GCC_WARN_UNDECLARED_SELECTOR = YES;
				GCC_WARN_UNINITIALIZED_AUTOS = YES_AGGRESSIVE;
				GCC_WARN_UNUSED_FUNCTION = YES;
				GCC_WARN_UNUSED_VARIABLE = YES;
				IPHONEOS_DEPLOYMENT_TARGET = 17.5;
				LOCALIZATION_PREFERS_STRING_CATALOGS = YES;
				MTL_ENABLE_DEBUG_INFO = INCLUDE_SOURCE;
				MTL_FAST_MATH = YES;
				ONLY_ACTIVE_ARCH = YES;
				SDKROOT = iphoneos;
				SWIFT_ACTIVE_COMPILATION_CONDITIONS = "DEBUG $(inherited)";
				SWIFT_OPTIMIZATION_LEVEL = "-Onone";
			};
			name = Debug;
		};
		1F509CA42C24204C00CADBB5 /* Release */ = {
			isa = XCBuildConfiguration;
			buildSettings = {
				ALWAYS_SEARCH_USER_PATHS = NO;
				ASSETCATALOG_COMPILER_GENERATE_SWIFT_ASSET_SYMBOL_EXTENSIONS = YES;
				CLANG_ANALYZER_LOCALIZABILITY_NONLOCALIZED = YES;
				CLANG_ANALYZER_NONNULL = YES;
				CLANG_ANALYZER_NUMBER_OBJECT_CONVERSION = YES_AGGRESSIVE;
				CLANG_CXX_LANGUAGE_STANDARD = "gnu++20";
				CLANG_ENABLE_MODULES = YES;
				CLANG_ENABLE_OBJC_ARC = YES;
				CLANG_ENABLE_OBJC_WEAK = YES;
				CLANG_WARN_BLOCK_CAPTURE_AUTORELEASING = YES;
				CLANG_WARN_BOOL_CONVERSION = YES;
				CLANG_WARN_COMMA = YES;
				CLANG_WARN_CONSTANT_CONVERSION = YES;
				CLANG_WARN_DEPRECATED_OBJC_IMPLEMENTATIONS = YES;
				CLANG_WARN_DIRECT_OBJC_ISA_USAGE = YES_ERROR;
				CLANG_WARN_DOCUMENTATION_COMMENTS = YES;
				CLANG_WARN_EMPTY_BODY = YES;
				CLANG_WARN_ENUM_CONVERSION = YES;
				CLANG_WARN_INFINITE_RECURSION = YES;
				CLANG_WARN_INT_CONVERSION = YES;
				CLANG_WARN_NON_LITERAL_NULL_CONVERSION = YES;
				CLANG_WARN_OBJC_IMPLICIT_RETAIN_SELF = YES;
				CLANG_WARN_OBJC_LITERAL_CONVERSION = YES;
				CLANG_WARN_OBJC_ROOT_CLASS = YES_ERROR;
				CLANG_WARN_QUOTED_INCLUDE_IN_FRAMEWORK_HEADER = YES;
				CLANG_WARN_RANGE_LOOP_ANALYSIS = YES;
				CLANG_WARN_STRICT_PROTOTYPES = YES;
				CLANG_WARN_SUSPICIOUS_MOVE = YES;
				CLANG_WARN_UNGUARDED_AVAILABILITY = YES_AGGRESSIVE;
				CLANG_WARN_UNREACHABLE_CODE = YES;
				CLANG_WARN__DUPLICATE_METHOD_MATCH = YES;
				COPY_PHASE_STRIP = NO;
				DEBUG_INFORMATION_FORMAT = "dwarf-with-dsym";
				ENABLE_NS_ASSERTIONS = NO;
				ENABLE_STRICT_OBJC_MSGSEND = YES;
				ENABLE_USER_SCRIPT_SANDBOXING = YES;
				GCC_C_LANGUAGE_STANDARD = gnu17;
				GCC_NO_COMMON_BLOCKS = YES;
				GCC_WARN_64_TO_32_BIT_CONVERSION = YES;
				GCC_WARN_ABOUT_RETURN_TYPE = YES_ERROR;
				GCC_WARN_UNDECLARED_SELECTOR = YES;
				GCC_WARN_UNINITIALIZED_AUTOS = YES_AGGRESSIVE;
				GCC_WARN_UNUSED_FUNCTION = YES;
				GCC_WARN_UNUSED_VARIABLE = YES;
				IPHONEOS_DEPLOYMENT_TARGET = 17.5;
				LOCALIZATION_PREFERS_STRING_CATALOGS = YES;
				MTL_ENABLE_DEBUG_INFO = NO;
				MTL_FAST_MATH = YES;
				SDKROOT = iphoneos;
				SWIFT_COMPILATION_MODE = wholemodule;
				VALIDATE_PRODUCT = YES;
			};
			name = Release;
		};
		1F509CA62C24204C00CADBB5 /* Debug */ = {
			isa = XCBuildConfiguration;
			buildSettings = {
				ASSETCATALOG_COMPILER_APPICON_NAME = AppIcon;
				ASSETCATALOG_COMPILER_GLOBAL_ACCENT_COLOR_NAME = AccentColor;
				CODE_SIGN_STYLE = Automatic;
				CURRENT_PROJECT_VERSION = 1;
				DEVELOPMENT_TEAM = 6BFYV367MM;
				GENERATE_INFOPLIST_FILE = YES;
				INFOPLIST_FILE = ChuckNorrisJokes/App/Info.plist;
				INFOPLIST_KEY_LSApplicationCategoryType = "";
				INFOPLIST_KEY_NSLocationAlwaysAndWhenInUseUsageDescription = "Allow us to get your location to find you";
				INFOPLIST_KEY_NSLocationAlwaysUsageDescription = "App will use your location";
				INFOPLIST_KEY_NSLocationWhenInUseUsageDescription = jndncief;
				INFOPLIST_KEY_UIApplicationSupportsIndirectInputEvents = YES;
				INFOPLIST_KEY_UILaunchStoryboardName = LaunchScreen;
				INFOPLIST_KEY_UISupportedInterfaceOrientations_iPad = "UIInterfaceOrientationPortrait UIInterfaceOrientationPortraitUpsideDown UIInterfaceOrientationLandscapeLeft UIInterfaceOrientationLandscapeRight";
				INFOPLIST_KEY_UISupportedInterfaceOrientations_iPhone = "UIInterfaceOrientationPortrait UIInterfaceOrientationLandscapeLeft UIInterfaceOrientationLandscapeRight";
				IPHONEOS_DEPLOYMENT_TARGET = 17.2;
				LD_RUNPATH_SEARCH_PATHS = (
					"$(inherited)",
					"@executable_path/Frameworks",
				);
				MARKETING_VERSION = 1.0;
				PRODUCT_BUNDLE_IDENTIFIER = xCode.ChuckNorrisJokes;
				PRODUCT_NAME = "$(TARGET_NAME)";
				SUPPORTED_PLATFORMS = "iphoneos iphonesimulator";
				SUPPORTS_MACCATALYST = NO;
				SUPPORTS_XR_DESIGNED_FOR_IPHONE_IPAD = NO;
				SWIFT_EMIT_LOC_STRINGS = YES;
				SWIFT_VERSION = 5.0;
				TARGETED_DEVICE_FAMILY = 1;
			};
			name = Debug;
		};
		1F509CA72C24204C00CADBB5 /* Release */ = {
			isa = XCBuildConfiguration;
			buildSettings = {
				ASSETCATALOG_COMPILER_APPICON_NAME = AppIcon;
				ASSETCATALOG_COMPILER_GLOBAL_ACCENT_COLOR_NAME = AccentColor;
				CODE_SIGN_STYLE = Automatic;
				CURRENT_PROJECT_VERSION = 1;
				DEVELOPMENT_TEAM = 6BFYV367MM;
				GENERATE_INFOPLIST_FILE = YES;
				INFOPLIST_FILE = ChuckNorrisJokes/App/Info.plist;
				INFOPLIST_KEY_LSApplicationCategoryType = "";
				INFOPLIST_KEY_NSLocationAlwaysAndWhenInUseUsageDescription = "Allow us to get your location to find you";
				INFOPLIST_KEY_NSLocationAlwaysUsageDescription = "App will use your location";
				INFOPLIST_KEY_NSLocationWhenInUseUsageDescription = jndncief;
				INFOPLIST_KEY_UIApplicationSupportsIndirectInputEvents = YES;
				INFOPLIST_KEY_UILaunchStoryboardName = LaunchScreen;
				INFOPLIST_KEY_UISupportedInterfaceOrientations_iPad = "UIInterfaceOrientationPortrait UIInterfaceOrientationPortraitUpsideDown UIInterfaceOrientationLandscapeLeft UIInterfaceOrientationLandscapeRight";
				INFOPLIST_KEY_UISupportedInterfaceOrientations_iPhone = "UIInterfaceOrientationPortrait UIInterfaceOrientationLandscapeLeft UIInterfaceOrientationLandscapeRight";
				IPHONEOS_DEPLOYMENT_TARGET = 17.2;
				LD_RUNPATH_SEARCH_PATHS = (
					"$(inherited)",
					"@executable_path/Frameworks",
				);
				MARKETING_VERSION = 1.0;
				PRODUCT_BUNDLE_IDENTIFIER = xCode.ChuckNorrisJokes;
				PRODUCT_NAME = "$(TARGET_NAME)";
				SUPPORTED_PLATFORMS = "iphoneos iphonesimulator";
				SUPPORTS_MACCATALYST = NO;
				SUPPORTS_XR_DESIGNED_FOR_IPHONE_IPAD = NO;
				SWIFT_EMIT_LOC_STRINGS = YES;
				SWIFT_VERSION = 5.0;
				TARGETED_DEVICE_FAMILY = 1;
			};
			name = Release;
		};
/* End XCBuildConfiguration section */

/* Begin XCConfigurationList section */
		1F509C8C2C24204900CADBB5 /* Build configuration list for PBXProject "ChuckNorrisJokes" */ = {
			isa = XCConfigurationList;
			buildConfigurations = (
				1F509CA32C24204C00CADBB5 /* Debug */,
				1F509CA42C24204C00CADBB5 /* Release */,
			);
			defaultConfigurationIsVisible = 0;
			defaultConfigurationName = Release;
		};
		1F509CA52C24204C00CADBB5 /* Build configuration list for PBXNativeTarget "ChuckNorrisJokes" */ = {
			isa = XCConfigurationList;
			buildConfigurations = (
				1F509CA62C24204C00CADBB5 /* Debug */,
				1F509CA72C24204C00CADBB5 /* Release */,
			);
			defaultConfigurationIsVisible = 0;
			defaultConfigurationName = Release;
		};
/* End XCConfigurationList section */

/* Begin XCRemoteSwiftPackageReference section */
		1F509CD22C24603F00CADBB5 /* XCRemoteSwiftPackageReference "realm-swift" */ = {
			isa = XCRemoteSwiftPackageReference;
			repositoryURL = "https://github.com/realm/realm-swift.git";
			requirement = {
				branch = master;
				kind = branch;
			};
		};
/* End XCRemoteSwiftPackageReference section */

/* Begin XCSwiftPackageProductDependency section */
		1F509CD52C24E48D00CADBB5 /* RealmSwift */ = {
			isa = XCSwiftPackageProductDependency;
			package = 1F509CD22C24603F00CADBB5 /* XCRemoteSwiftPackageReference "realm-swift" */;
			productName = RealmSwift;
		};
/* End XCSwiftPackageProductDependency section */
	};
	rootObject = 1F509C892C24204900CADBB5 /* Project object */;
}
